
Microsoft Visual Studio Solution File, Format Version 12.00
# Visual Studio 15
VisualStudioVersion = 15.0.28010.2046
MinimumVisualStudioVersion = 10.0.40219.1
Project("{8BC9CEB8-8B4A-11D0-8D11-00A0C91BC942}") = "S2T4", "S2T4\S2T4.vcxproj", "{4F8FCD97-DBBF-442C-99D1-5B56A577FA9B}"
EndProject
Global
	GlobalSection(SolutionConfigurationPlatforms) = preSolution
		Debug|x64 = Debug|x64
		Debug|x86 = Debug|x86
		Release|x64 = Release|x64
		Release|x86 = Release|x86
	EndGlobalSection
	GlobalSection(ProjectConfigurationPlatforms) = postSolution
		{4F8FCD97-DBBF-442C-99D1-5B56A577FA9B}.Debug|x64.ActiveCfg = Debug|x64
		{4F8FCD97-DBBF-442C-99D1-5B56A577FA9B}.Debug|x64.Build.0 = Debug|x64
		{4F8FCD97-DBBF-442C-99D1-5B56A577FA9B}.Debug|x86.ActiveCfg = Debug|Win32
		{4F8FCD97-DBBF-442C-99D1-5B56A577FA9B}.Debug|x86.Build.0 = Debug|Win32
		{4F8FCD97-DBBF-442C-99D1-5B56A577FA9B}.Release|x64.ActiveCfg = Release|x64
		{4F8FCD97-DBBF-442C-99D1-5B56A577FA9B}.Release|x64.Build.0 = Release|x64
		{4F8FCD97-DBBF-442C-99D1-5B56A577FA9B}.Release|x86.ActiveCfg = Release|Win32
		{4F8FCD97-DBBF-442C-99D1-5B56A577FA9B}.Release|x86.Build.0 = Release|Win32
	EndGlobalSection
	GlobalSection(SolutionProperties) = preSolution
		HideSolutionNode = FALSE
	EndGlobalSection
	GlobalSection(ExtensibilityGlobals) = postSolution
		SolutionGuid = {0EB4B6FC-076E-4E55-8B5B-8F99F3699C60}
	EndGlobalSection
EndGlobal
